
Microsoft Visual Studio Solution File, Format Version 12.00
# Visual Studio Version 17
VisualStudioVersion = 17.7.34221.43
MinimumVisualStudioVersion = 10.0.40219.1
Project("{FAE04EC0-301F-11D3-BF4B-00C04F79EFBC}") = "Game Random", "Game Random\Game Random.csproj", "{AC0DE50C-EBB0-4B56-B158-C36D260AE17A}"
EndProject
Global
	GlobalSection(SolutionConfigurationPlatforms) = preSolution
		Debug|Any CPU = Debug|Any CPU
		Release|Any CPU = Release|Any CPU
	EndGlobalSection
	GlobalSection(ProjectConfigurationPlatforms) = postSolution
		{AC0DE50C-EBB0-4B56-B158-C36D260AE17A}.Debug|Any CPU.ActiveCfg = Debug|Any CPU
		{AC0DE50C-EBB0-4B56-B158-C36D260AE17A}.Debug|Any CPU.Build.0 = Debug|Any CPU
		{AC0DE50C-EBB0-4B56-B158-C36D260AE17A}.Release|Any CPU.ActiveCfg = Release|Any CPU
		{AC0DE50C-EBB0-4B56-B158-C36D260AE17A}.Release|Any CPU.Build.0 = Release|Any CPU
	EndGlobalSection
	GlobalSection(SolutionProperties) = preSolution
		HideSolutionNode = FALSE
	EndGlobalSection
	GlobalSection(ExtensibilityGlobals) = postSolution
		SolutionGuid = {2022CDB4-E768-4079-8A7B-AC0009CA8403}
	EndGlobalSection
EndGlobal
